
Microsoft Visual Studio Solution File, Format Version 10.00
# Visual Studio 2008
Project("{AF48B115-53DB-4E4F-A04C-CF2B83C29EE3}") = "SimpleBot", "SimpleBot.pyproj", "{2D353481-E642-4FA1-941D-665A8EA8A3CA}"
EndProject
Global
	GlobalSection(SolutionConfigurationPlatforms) = preSolution
		Debug|Any CPU = Debug|Any CPU
		Release|Any CPU = Release|Any CPU
	EndGlobalSection
	GlobalSection(ProjectConfigurationPlatforms) = postSolution
		{2D353481-E642-4FA1-941D-665A8EA8A3CA}.Debug|Any CPU.ActiveCfg = Debug|Any CPU
		{2D353481-E642-4FA1-941D-665A8EA8A3CA}.Debug|Any CPU.Build.0 = Debug|Any CPU
		{2D353481-E642-4FA1-941D-665A8EA8A3CA}.Release|Any CPU.ActiveCfg = Release|Any CPU
		{2D353481-E642-4FA1-941D-665A8EA8A3CA}.Release|Any CPU.Build.0 = Release|Any CPU
	EndGlobalSection
	GlobalSection(SolutionProperties) = preSolution
		HideSolutionNode = FALSE
	EndGlobalSection
EndGlobal
